// !$*UTF8*$!
{
	archiveVersion = 1;
	classes = {
	};
	objectVersion = 48;
	objects = {

/* Begin PBXBuildFile section */
		4D5A7DC06DA7BFFB69A8496C /* Pods_FlagQuiz.framework in Frameworks */ = {isa = PBXBuildFile; fileRef = D01DE727CED756C46749E530 /* Pods_FlagQuiz.framework */; };
		7258696E22AFECB200552DBA /* UpdatePopup.swift in Sources */ = {isa = PBXBuildFile; fileRef = 7258696D22AFECB200552DBA /* UpdatePopup.swift */; };
		72686787205E4B45000CD3FB /* Assets.xcassets in Resources */ = {isa = PBXBuildFile; fileRef = 72686786205E4B45000CD3FB /* Assets.xcassets */; };
		7268678A205E4B45000CD3FB /* LaunchScreen.storyboard in Resources */ = {isa = PBXBuildFile; fileRef = 72686788205E4B45000CD3FB /* LaunchScreen.storyboard */; };
		727F1F6223F7E47900DBF125 /* NameQuizViewDelegate.swift in Sources */ = {isa = PBXBuildFile; fileRef = 727F1F5C23F7E47800DBF125 /* NameQuizViewDelegate.swift */; };
		727F1F6323F7E47900DBF125 /* GameOverPopupViewDelegate.swift in Sources */ = {isa = PBXBuildFile; fileRef = 727F1F5D23F7E47800DBF125 /* GameOverPopupViewDelegate.swift */; };
		727F1F6423F7E47900DBF125 /* AppDelegate.swift in Sources */ = {isa = PBXBuildFile; fileRef = 727F1F5E23F7E47800DBF125 /* AppDelegate.swift */; };
		727F1F6523F7E47900DBF125 /* CountryInfoViewDelegate.swift in Sources */ = {isa = PBXBuildFile; fileRef = 727F1F5F23F7E47800DBF125 /* CountryInfoViewDelegate.swift */; };
		727F1F6623F7E47900DBF125 /* FlagQuizViewDelegate.swift in Sources */ = {isa = PBXBuildFile; fileRef = 727F1F6023F7E47800DBF125 /* FlagQuizViewDelegate.swift */; };
		727F1F6723F7E47900DBF125 /* QuestionViewDelegate.swift in Sources */ = {isa = PBXBuildFile; fileRef = 727F1F6123F7E47900DBF125 /* QuestionViewDelegate.swift */; };
		727F1F6C23F7E49200DBF125 /* CountryList.csv in Resources */ = {isa = PBXBuildFile; fileRef = 727F1F6A23F7E49200DBF125 /* CountryList.csv */; };
		727F1F7023F7E4D300DBF125 /* FlagData.swift in Sources */ = {isa = PBXBuildFile; fileRef = 727F1F6E23F7E4D300DBF125 /* FlagData.swift */; };
		727F1F7123F7E4D300DBF125 /* Singleton.swift in Sources */ = {isa = PBXBuildFile; fileRef = 727F1F6F23F7E4D300DBF125 /* Singleton.swift */; };
		727F1F7A23F7E4F100DBF125 /* CountryInfoView.swift in Sources */ = {isa = PBXBuildFile; fileRef = 727F1F7523F7E4F100DBF125 /* CountryInfoView.swift */; };
		727F1F7B23F7E4F100DBF125 /* CountryDetailView.swift in Sources */ = {isa = PBXBuildFile; fileRef = 727F1F7623F7E4F100DBF125 /* CountryDetailView.swift */; };
		727F1F7C23F7E4F100DBF125 /* GameOverPopupView.swift in Sources */ = {isa = PBXBuildFile; fileRef = 727F1F7723F7E4F100DBF125 /* GameOverPopupView.swift */; };
		727F1F7D23F7E4F100DBF125 /* NameQuizView.swift in Sources */ = {isa = PBXBuildFile; fileRef = 727F1F7823F7E4F100DBF125 /* NameQuizView.swift */; };
		727F1F7E23F7E4F100DBF125 /* FlagQuizView.swift in Sources */ = {isa = PBXBuildFile; fileRef = 727F1F7923F7E4F100DBF125 /* FlagQuizView.swift */; };
		727F1F8023F7E4F800DBF125 /* FlagInfoTableViewCell.swift in Sources */ = {isa = PBXBuildFile; fileRef = 727F1F7F23F7E4F800DBF125 /* FlagInfoTableViewCell.swift */; };
		727F1F8623F7E4FE00DBF125 /* AnswerButton.swift in Sources */ = {isa = PBXBuildFile; fileRef = 727F1F8123F7E4FE00DBF125 /* AnswerButton.swift */; };
		727F1F8723F7E4FE00DBF125 /* SeparatorView.swift in Sources */ = {isa = PBXBuildFile; fileRef = 727F1F8223F7E4FE00DBF125 /* SeparatorView.swift */; };
		727F1F8823F7E4FE00DBF125 /* QuizStatusView.swift in Sources */ = {isa = PBXBuildFile; fileRef = 727F1F8323F7E4FE00DBF125 /* QuizStatusView.swift */; };
		727F1F8923F7E4FE00DBF125 /* CorrectOrIncorrectView.swift in Sources */ = {isa = PBXBuildFile; fileRef = 727F1F8423F7E4FE00DBF125 /* CorrectOrIncorrectView.swift */; };
		727F1F8A23F7E4FE00DBF125 /* QuestionView.swift in Sources */ = {isa = PBXBuildFile; fileRef = 727F1F8523F7E4FE00DBF125 /* QuestionView.swift */; };
		727F1F9023F7E52900DBF125 /* CountryDetailViewController.swift in Sources */ = {isa = PBXBuildFile; fileRef = 727F1F8C23F7E52900DBF125 /* CountryDetailViewController.swift */; };
		727F1F9123F7E52900DBF125 /* CountryInfoViewController.swift in Sources */ = {isa = PBXBuildFile; fileRef = 727F1F8D23F7E52900DBF125 /* CountryInfoViewController.swift */; };
		727F1F9223F7E52900DBF125 /* GameOverPopupViewController.swift in Sources */ = {isa = PBXBuildFile; fileRef = 727F1F8E23F7E52900DBF125 /* GameOverPopupViewController.swift */; };
		727F1F9323F7E52900DBF125 /* QuizTabBarController.swift in Sources */ = {isa = PBXBuildFile; fileRef = 727F1F8F23F7E52900DBF125 /* QuizTabBarController.swift */; };
		727F1F9823F7E53D00DBF125 /* NameQuizViewController.swift in Sources */ = {isa = PBXBuildFile; fileRef = 727F1F9523F7E53C00DBF125 /* NameQuizViewController.swift */; };
		727F1F9923F7E53D00DBF125 /* QuizViewController.swift in Sources */ = {isa = PBXBuildFile; fileRef = 727F1F9623F7E53D00DBF125 /* QuizViewController.swift */; };
		727F1F9A23F7E53D00DBF125 /* FlagQuizViewController.swift in Sources */ = {isa = PBXBuildFile; fileRef = 727F1F9723F7E53D00DBF125 /* FlagQuizViewController.swift */; };
		727F1F9E23F7E55C00DBF125 /* Animation.swift in Sources */ = {isa = PBXBuildFile; fileRef = 727F1F9D23F7E55C00DBF125 /* Animation.swift */; };
		727F1FA123F7E56500DBF125 /* UI.swift in Sources */ = {isa = PBXBuildFile; fileRef = 727F1F9F23F7E56500DBF125 /* UI.swift */; };
		727F1FA223F7E56500DBF125 /* Color.swift in Sources */ = {isa = PBXBuildFile; fileRef = 727F1FA023F7E56500DBF125 /* Color.swift */; };
		72858E4C2366E1680070B769 /* UILabelExpand.swift in Sources */ = {isa = PBXBuildFile; fileRef = 72858E4B2366E1680070B769 /* UILabelExpand.swift */; };
		72AF36A72153B90C00A40B55 /* Localizable.strings in Resources */ = {isa = PBXBuildFile; fileRef = 72AF36A92153B90C00A40B55 /* Localizable.strings */; };
/* End PBXBuildFile section */

/* Begin PBXFileReference section */
		41B78FC6E82EA0E00A0913D8 /* Pods-FlagQuiz.debug.xcconfig */ = {isa = PBXFileReference; includeInIndex = 1; lastKnownFileType = text.xcconfig; name = "Pods-FlagQuiz.debug.xcconfig"; path = "Pods/Target Support Files/Pods-FlagQuiz/Pods-FlagQuiz.debug.xcconfig"; sourceTree = "<group>"; };
		622D8E8EB3158074DA7CCCB6 /* Pods-FlagQuiz.release.xcconfig */ = {isa = PBXFileReference; includeInIndex = 1; lastKnownFileType = text.xcconfig; name = "Pods-FlagQuiz.release.xcconfig"; path = "Pods/Target Support Files/Pods-FlagQuiz/Pods-FlagQuiz.release.xcconfig"; sourceTree = "<group>"; };
		720738A22197256C008004FE /* ja */ = {isa = PBXFileReference; lastKnownFileType = text.plist.strings; name = ja; path = ja.lproj/Localizable.strings; sourceTree = "<group>"; };
		722B7AF82198612200826012 /* zh-Hans */ = {isa = PBXFileReference; lastKnownFileType = text.plist.strings; name = "zh-Hans"; path = "zh-Hans.lproj/Localizable.strings"; sourceTree = "<group>"; };
		7258696D22AFECB200552DBA /* UpdatePopup.swift */ = {isa = PBXFileReference; lastKnownFileType = sourcecode.swift; path = UpdatePopup.swift; sourceTree = "<group>"; };
		7268677C205E4B45000CD3FB /* FlagQuiz.app */ = {isa = PBXFileReference; explicitFileType = wrapper.application; includeInIndex = 0; path = FlagQuiz.app; sourceTree = BUILT_PRODUCTS_DIR; };
		72686786205E4B45000CD3FB /* Assets.xcassets */ = {isa = PBXFileReference; lastKnownFileType = folder.assetcatalog; path = Assets.xcassets; sourceTree = "<group>"; };
		72686789205E4B45000CD3FB /* Base */ = {isa = PBXFileReference; lastKnownFileType = file.storyboard; name = Base; path = Base.lproj/LaunchScreen.storyboard; sourceTree = "<group>"; };
		7268678B205E4B45000CD3FB /* Info.plist */ = {isa = PBXFileReference; lastKnownFileType = text.plist.xml; path = Info.plist; sourceTree = "<group>"; };
		727F1F5C23F7E47800DBF125 /* NameQuizViewDelegate.swift */ = {isa = PBXFileReference; fileEncoding = 4; lastKnownFileType = sourcecode.swift; path = NameQuizViewDelegate.swift; sourceTree = "<group>"; };
		727F1F5D23F7E47800DBF125 /* GameOverPopupViewDelegate.swift */ = {isa = PBXFileReference; fileEncoding = 4; lastKnownFileType = sourcecode.swift; path = GameOverPopupViewDelegate.swift; sourceTree = "<group>"; };
		727F1F5E23F7E47800DBF125 /* AppDelegate.swift */ = {isa = PBXFileReference; fileEncoding = 4; lastKnownFileType = sourcecode.swift; path = AppDelegate.swift; sourceTree = "<group>"; };
		727F1F5F23F7E47800DBF125 /* CountryInfoViewDelegate.swift */ = {isa = PBXFileReference; fileEncoding = 4; lastKnownFileType = sourcecode.swift; path = CountryInfoViewDelegate.swift; sourceTree = "<group>"; };
		727F1F6023F7E47800DBF125 /* FlagQuizViewDelegate.swift */ = {isa = PBXFileReference; fileEncoding = 4; lastKnownFileType = sourcecode.swift; path = FlagQuizViewDelegate.swift; sourceTree = "<group>"; };
		727F1F6123F7E47900DBF125 /* QuestionViewDelegate.swift */ = {isa = PBXFileReference; fileEncoding = 4; lastKnownFileType = sourcecode.swift; path = QuestionViewDelegate.swift; sourceTree = "<group>"; };
		727F1F6A23F7E49200DBF125 /* CountryList.csv */ = {isa = PBXFileReference; fileEncoding = 4; lastKnownFileType = text; path = CountryList.csv; sourceTree = "<group>"; };
		727F1F6E23F7E4D300DBF125 /* FlagData.swift */ = {isa = PBXFileReference; fileEncoding = 4; lastKnownFileType = sourcecode.swift; path = FlagData.swift; sourceTree = "<group>"; };
		727F1F6F23F7E4D300DBF125 /* Singleton.swift */ = {isa = PBXFileReference; fileEncoding = 4; lastKnownFileType = sourcecode.swift; path = Singleton.swift; sourceTree = "<group>"; };
		727F1F7523F7E4F100DBF125 /* CountryInfoView.swift */ = {isa = PBXFileReference; fileEncoding = 4; lastKnownFileType = sourcecode.swift; path = CountryInfoView.swift; sourceTree = "<group>"; };
		727F1F7623F7E4F100DBF125 /* CountryDetailView.swift */ = {isa = PBXFileReference; fileEncoding = 4; lastKnownFileType = sourcecode.swift; path = CountryDetailView.swift; sourceTree = "<group>"; };
		727F1F7723F7E4F100DBF125 /* GameOverPopupView.swift */ = {isa = PBXFileReference; fileEncoding = 4; lastKnownFileType = sourcecode.swift; path = GameOverPopupView.swift; sourceTree = "<group>"; };
		727F1F7823F7E4F100DBF125 /* NameQuizView.swift */ = {isa = PBXFileReference; fileEncoding = 4; lastKnownFileType = sourcecode.swift; path = NameQuizView.swift; sourceTree = "<group>"; };
		727F1F7923F7E4F100DBF125 /* FlagQuizView.swift */ = {isa = PBXFileReference; fileEncoding = 4; lastKnownFileType = sourcecode.swift; path = FlagQuizView.swift; sourceTree = "<group>"; };
		727F1F7F23F7E4F800DBF125 /* FlagInfoTableViewCell.swift */ = {isa = PBXFileReference; fileEncoding = 4; lastKnownFileType = sourcecode.swift; path = FlagInfoTableViewCell.swift; sourceTree = "<group>"; };
		727F1F8123F7E4FE00DBF125 /* AnswerButton.swift */ = {isa = PBXFileReference; fileEncoding = 4; lastKnownFileType = sourcecode.swift; path = AnswerButton.swift; sourceTree = "<group>"; };
		727F1F8223F7E4FE00DBF125 /* SeparatorView.swift */ = {isa = PBXFileReference; fileEncoding = 4; lastKnownFileType = sourcecode.swift; path = SeparatorView.swift; sourceTree = "<group>"; };
		727F1F8323F7E4FE00DBF125 /* QuizStatusView.swift */ = {isa = PBXFileReference; fileEncoding = 4; lastKnownFileType = sourcecode.swift; path = QuizStatusView.swift; sourceTree = "<group>"; };
		727F1F8423F7E4FE00DBF125 /* CorrectOrIncorrectView.swift */ = {isa = PBXFileReference; fileEncoding = 4; lastKnownFileType = sourcecode.swift; path = CorrectOrIncorrectView.swift; sourceTree = "<group>"; };
		727F1F8523F7E4FE00DBF125 /* QuestionView.swift */ = {isa = PBXFileReference; fileEncoding = 4; lastKnownFileType = sourcecode.swift; path = QuestionView.swift; sourceTree = "<group>"; };
		727F1F8C23F7E52900DBF125 /* CountryDetailViewController.swift */ = {isa = PBXFileReference; fileEncoding = 4; lastKnownFileType = sourcecode.swift; path = CountryDetailViewController.swift; sourceTree = "<group>"; };
		727F1F8D23F7E52900DBF125 /* CountryInfoViewController.swift */ = {isa = PBXFileReference; fileEncoding = 4; lastKnownFileType = sourcecode.swift; path = CountryInfoViewController.swift; sourceTree = "<group>"; };
		727F1F8E23F7E52900DBF125 /* GameOverPopupViewController.swift */ = {isa = PBXFileReference; fileEncoding = 4; lastKnownFileType = sourcecode.swift; path = GameOverPopupViewController.swift; sourceTree = "<group>"; };
		727F1F8F23F7E52900DBF125 /* QuizTabBarController.swift */ = {isa = PBXFileReference; fileEncoding = 4; lastKnownFileType = sourcecode.swift; path = QuizTabBarController.swift; sourceTree = "<group>"; };
		727F1F9523F7E53C00DBF125 /* NameQuizViewController.swift */ = {isa = PBXFileReference; fileEncoding = 4; lastKnownFileType = sourcecode.swift; path = NameQuizViewController.swift; sourceTree = "<group>"; };
		727F1F9623F7E53D00DBF125 /* QuizViewController.swift */ = {isa = PBXFileReference; fileEncoding = 4; lastKnownFileType = sourcecode.swift; path = QuizViewController.swift; sourceTree = "<group>"; };
		727F1F9723F7E53D00DBF125 /* FlagQuizViewController.swift */ = {isa = PBXFileReference; fileEncoding = 4; lastKnownFileType = sourcecode.swift; path = FlagQuizViewController.swift; sourceTree = "<group>"; };
		727F1F9D23F7E55C00DBF125 /* Animation.swift */ = {isa = PBXFileReference; fileEncoding = 4; lastKnownFileType = sourcecode.swift; path = Animation.swift; sourceTree = "<group>"; };
		727F1F9F23F7E56500DBF125 /* UI.swift */ = {isa = PBXFileReference; fileEncoding = 4; lastKnownFileType = sourcecode.swift; path = UI.swift; sourceTree = "<group>"; };
		727F1FA023F7E56500DBF125 /* Color.swift */ = {isa = PBXFileReference; fileEncoding = 4; lastKnownFileType = sourcecode.swift; path = Color.swift; sourceTree = "<group>"; };
		728341A122E204C9003CF95B /* ru */ = {isa = PBXFileReference; lastKnownFileType = text.plist.strings; name = ru; path = ru.lproj/Localizable.strings; sourceTree = "<group>"; };
		72858E4B2366E1680070B769 /* UILabelExpand.swift */ = {isa = PBXFileReference; lastKnownFileType = sourcecode.swift; path = UILabelExpand.swift; sourceTree = "<group>"; };
		728974E422C2497B003704C8 /* zh-Hant */ = {isa = PBXFileReference; lastKnownFileType = text.plist.strings; name = "zh-Hant"; path = "zh-Hant.lproj/Localizable.strings"; sourceTree = "<group>"; };
		729746A622BD065700ADE2B4 /* ar */ = {isa = PBXFileReference; lastKnownFileType = text.plist.strings; name = ar; path = ar.lproj/Localizable.strings; sourceTree = "<group>"; };
		72AF36A82153B90C00A40B55 /* ko */ = {isa = PBXFileReference; lastKnownFileType = text.plist.strings; name = ko; path = ko.lproj/Localizable.strings; sourceTree = "<group>"; };
		D01DE727CED756C46749E530 /* Pods_FlagQuiz.framework */ = {isa = PBXFileReference; explicitFileType = wrapper.framework; includeInIndex = 0; path = Pods_FlagQuiz.framework; sourceTree = BUILT_PRODUCTS_DIR; };
/* End PBXFileReference section */

/* Begin PBXFrameworksBuildPhase section */
		72686779205E4B45000CD3FB /* Frameworks */ = {
			isa = PBXFrameworksBuildPhase;
			buildActionMask = 2147483647;
			files = (
				4D5A7DC06DA7BFFB69A8496C /* Pods_FlagQuiz.framework in Frameworks */,
			);
			runOnlyForDeploymentPostprocessing = 0;
		};
/* End PBXFrameworksBuildPhase section */

/* Begin PBXGroup section */
		021992FDEA5D9C4AB1D04956 /* Frameworks */ = {
			isa = PBXGroup;
			children = (
				D01DE727CED756C46749E530 /* Pods_FlagQuiz.framework */,
			);
			name = Frameworks;
			sourceTree = "<group>";
		};
		34504B55C828B62CD7C4FCB7 /* Pods */ = {
			isa = PBXGroup;
			children = (
				41B78FC6E82EA0E00A0913D8 /* Pods-FlagQuiz.debug.xcconfig */,
				622D8E8EB3158074DA7CCCB6 /* Pods-FlagQuiz.release.xcconfig */,
			);
			name = Pods;
			sourceTree = "<group>";
		};
		72686773205E4B45000CD3FB = {
			isa = PBXGroup;
			children = (
				7268677E205E4B45000CD3FB /* FlagQuiz */,
				7268677D205E4B45000CD3FB /* Products */,
				34504B55C828B62CD7C4FCB7 /* Pods */,
				021992FDEA5D9C4AB1D04956 /* Frameworks */,
			);
			sourceTree = "<group>";
		};
		7268677D205E4B45000CD3FB /* Products */ = {
			isa = PBXGroup;
			children = (
				7268677C205E4B45000CD3FB /* FlagQuiz.app */,
			);
			name = Products;
			sourceTree = "<group>";
		};
		7268677E205E4B45000CD3FB /* FlagQuiz */ = {
			isa = PBXGroup;
			children = (
				727F1F9C23F7E55000DBF125 /* Animation */,
				727F1F6823F7E48800DBF125 /* Data */,
				727F1F5B23F7E44600DBF125 /* Delegate */,
				727F1F6D23F7E4CB00DBF125 /* Model */,
				727F1F7223F7E4DA00DBF125 /* View */,
				727F1F8B23F7E50600DBF125 /* Controller */,
				727F1F9B23F7E54800DBF125 /* UI */,
				72686786205E4B45000CD3FB /* Assets.xcassets */,
				72686788205E4B45000CD3FB /* LaunchScreen.storyboard */,
				7268678B205E4B45000CD3FB /* Info.plist */,
				72AF36A92153B90C00A40B55 /* Localizable.strings */,
				7258696D22AFECB200552DBA /* UpdatePopup.swift */,
				72858E4B2366E1680070B769 /* UILabelExpand.swift */,
			);
			path = FlagQuiz;
			sourceTree = "<group>";
		};
		727F1F5B23F7E44600DBF125 /* Delegate */ = {
			isa = PBXGroup;
			children = (
				727F1F5E23F7E47800DBF125 /* AppDelegate.swift */,
				727F1F6023F7E47800DBF125 /* FlagQuizViewDelegate.swift */,
				727F1F5C23F7E47800DBF125 /* NameQuizViewDelegate.swift */,
				727F1F5F23F7E47800DBF125 /* CountryInfoViewDelegate.swift */,
				727F1F6123F7E47900DBF125 /* QuestionViewDelegate.swift */,
				727F1F5D23F7E47800DBF125 /* GameOverPopupViewDelegate.swift */,
			);
			path = Delegate;
			sourceTree = "<group>";
		};
		727F1F6823F7E48800DBF125 /* Data */ = {
			isa = PBXGroup;
			children = (
				727F1F6A23F7E49200DBF125 /* CountryList.csv */,
			);
			path = Data;
			sourceTree = "<group>";
		};
		727F1F6D23F7E4CB00DBF125 /* Model */ = {
			isa = PBXGroup;
			children = (
				727F1F6E23F7E4D300DBF125 /* FlagData.swift */,
				727F1F6F23F7E4D300DBF125 /* Singleton.swift */,
			);
			path = Model;
			sourceTree = "<group>";
		};
		727F1F7223F7E4DA00DBF125 /* View */ = {
			isa = PBXGroup;
			children = (
				727F1F7923F7E4F100DBF125 /* FlagQuizView.swift */,
				727F1F7823F7E4F100DBF125 /* NameQuizView.swift */,
				727F1F7723F7E4F100DBF125 /* GameOverPopupView.swift */,
				727F1F7523F7E4F100DBF125 /* CountryInfoView.swift */,
				727F1F7623F7E4F100DBF125 /* CountryDetailView.swift */,
				727F1F7423F7E4E900DBF125 /* Cell */,
				727F1F7323F7E4E300DBF125 /* SubView */,
			);
			path = View;
			sourceTree = "<group>";
		};
		727F1F7323F7E4E300DBF125 /* SubView */ = {
			isa = PBXGroup;
			children = (
				727F1F8123F7E4FE00DBF125 /* AnswerButton.swift */,
				727F1F8423F7E4FE00DBF125 /* CorrectOrIncorrectView.swift */,
				727F1F8523F7E4FE00DBF125 /* QuestionView.swift */,
				727F1F8323F7E4FE00DBF125 /* QuizStatusView.swift */,
				727F1F8223F7E4FE00DBF125 /* SeparatorView.swift */,
			);
			path = SubView;
			sourceTree = "<group>";
		};
		727F1F7423F7E4E900DBF125 /* Cell */ = {
			isa = PBXGroup;
			children = (
				727F1F7F23F7E4F800DBF125 /* FlagInfoTableViewCell.swift */,
			);
			path = Cell;
			sourceTree = "<group>";
		};
		727F1F8B23F7E50600DBF125 /* Controller */ = {
			isa = PBXGroup;
			children = (
				727F1F8F23F7E52900DBF125 /* QuizTabBarController.swift */,
				727F1F9423F7E52B00DBF125 /* QuizController */,
				727F1F8C23F7E52900DBF125 /* CountryDetailViewController.swift */,
				727F1F8D23F7E52900DBF125 /* CountryInfoViewController.swift */,
				727F1F8E23F7E52900DBF125 /* GameOverPopupViewController.swift */,
			);
			path = Controller;
			sourceTree = "<group>";
		};
		727F1F9423F7E52B00DBF125 /* QuizController */ = {
			isa = PBXGroup;
			children = (
				727F1F9723F7E53D00DBF125 /* FlagQuizViewController.swift */,
				727F1F9523F7E53C00DBF125 /* NameQuizViewController.swift */,
				727F1F9623F7E53D00DBF125 /* QuizViewController.swift */,
			);
			path = QuizController;
			sourceTree = "<group>";
		};
		727F1F9B23F7E54800DBF125 /* UI */ = {
			isa = PBXGroup;
			children = (
				727F1FA023F7E56500DBF125 /* Color.swift */,
				727F1F9F23F7E56500DBF125 /* UI.swift */,
			);
			path = UI;
			sourceTree = "<group>";
		};
		727F1F9C23F7E55000DBF125 /* Animation */ = {
			isa = PBXGroup;
			children = (
				727F1F9D23F7E55C00DBF125 /* Animation.swift */,
			);
			path = Animation;
			sourceTree = "<group>";
		};
/* End PBXGroup section */

/* Begin PBXNativeTarget section */
		7268677B205E4B45000CD3FB /* FlagQuiz */ = {
			isa = PBXNativeTarget;
			buildConfigurationList = 7268678E205E4B45000CD3FB /* Build configuration list for PBXNativeTarget "FlagQuiz" */;
			buildPhases = (
				FCCB3450879DB0C34AF85406 /* [CP] Check Pods Manifest.lock */,
				72686778205E4B45000CD3FB /* Sources */,
				72686779205E4B45000CD3FB /* Frameworks */,
				7268677A205E4B45000CD3FB /* Resources */,
				8D5352DB53EA822DC0198E83 /* [CP] Embed Pods Frameworks */,
			);
			buildRules = (
			);
			dependencies = (
			);
			name = FlagQuiz;
			productName = FlagQuiz;
			productReference = 7268677C205E4B45000CD3FB /* FlagQuiz.app */;
			productType = "com.apple.product-type.application";
		};
/* End PBXNativeTarget section */

/* Begin PBXProject section */
		72686774205E4B45000CD3FB /* Project object */ = {
			isa = PBXProject;
			attributes = {
				LastSwiftUpdateCheck = 0920;
				LastUpgradeCheck = 0920;
				ORGANIZATIONNAME = "이수한";
				TargetAttributes = {
					7268677B205E4B45000CD3FB = {
						CreatedOnToolsVersion = 9.2;
						LastSwiftMigration = 1000;
						ProvisioningStyle = Automatic;
					};
				};
			};
			buildConfigurationList = 72686777205E4B45000CD3FB /* Build configuration list for PBXProject "FlagQuiz" */;
			compatibilityVersion = "Xcode 8.0";
			developmentRegion = en;
			hasScannedForEncodings = 0;
			knownRegions = (
				en,
				Base,
				ja,
				"zh-Hans",
				ko,
				ar,
				"zh-Hant",
				ru,
			);
			mainGroup = 72686773205E4B45000CD3FB;
			productRefGroup = 7268677D205E4B45000CD3FB /* Products */;
			projectDirPath = "";
			projectRoot = "";
			targets = (
				7268677B205E4B45000CD3FB /* FlagQuiz */,
			);
		};
/* End PBXProject section */

/* Begin PBXResourcesBuildPhase section */
		7268677A205E4B45000CD3FB /* Resources */ = {
			isa = PBXResourcesBuildPhase;
			buildActionMask = 2147483647;
			files = (
				7268678A205E4B45000CD3FB /* LaunchScreen.storyboard in Resources */,
				727F1F6C23F7E49200DBF125 /* CountryList.csv in Resources */,
				72AF36A72153B90C00A40B55 /* Localizable.strings in Resources */,
				72686787205E4B45000CD3FB /* Assets.xcassets in Resources */,
			);
			runOnlyForDeploymentPostprocessing = 0;
		};
/* End PBXResourcesBuildPhase section */

/* Begin PBXShellScriptBuildPhase section */
		8D5352DB53EA822DC0198E83 /* [CP] Embed Pods Frameworks */ = {
			isa = PBXShellScriptBuildPhase;
			buildActionMask = 2147483647;
			files = (
			);
			inputPaths = (
				"${PODS_ROOT}/Target Support Files/Pods-FlagQuiz/Pods-FlagQuiz-frameworks.sh",
				"${BUILT_PRODUCTS_DIR}/GoogleUtilities/GoogleUtilities.framework",
				"${BUILT_PRODUCTS_DIR}/nanopb/nanopb.framework",
			);
			name = "[CP] Embed Pods Frameworks";
			outputPaths = (
				"${TARGET_BUILD_DIR}/${FRAMEWORKS_FOLDER_PATH}/GoogleUtilities.framework",
				"${TARGET_BUILD_DIR}/${FRAMEWORKS_FOLDER_PATH}/nanopb.framework",
			);
			runOnlyForDeploymentPostprocessing = 0;
			shellPath = /bin/sh;
			shellScript = "\"${PODS_ROOT}/Target Support Files/Pods-FlagQuiz/Pods-FlagQuiz-frameworks.sh\"\n";
			showEnvVarsInLog = 0;
		};
		FCCB3450879DB0C34AF85406 /* [CP] Check Pods Manifest.lock */ = {
			isa = PBXShellScriptBuildPhase;
			buildActionMask = 2147483647;
			files = (
			);
			inputPaths = (
				"${PODS_PODFILE_DIR_PATH}/Podfile.lock",
				"${PODS_ROOT}/Manifest.lock",
			);
			name = "[CP] Check Pods Manifest.lock";
			outputPaths = (
				"$(DERIVED_FILE_DIR)/Pods-FlagQuiz-checkManifestLockResult.txt",
			);
			runOnlyForDeploymentPostprocessing = 0;
			shellPath = /bin/sh;
			shellScript = "diff \"${PODS_PODFILE_DIR_PATH}/Podfile.lock\" \"${PODS_ROOT}/Manifest.lock\" > /dev/null\nif [ $? != 0 ] ; then\n    # print error to STDERR\n    echo \"error: The sandbox is not in sync with the Podfile.lock. Run 'pod install' or update your CocoaPods installation.\" >&2\n    exit 1\nfi\n# This output is used by Xcode 'outputs' to avoid re-running this script phase.\necho \"SUCCESS\" > \"${SCRIPT_OUTPUT_FILE_0}\"\n";
			showEnvVarsInLog = 0;
		};
/* End PBXShellScriptBuildPhase section */

/* Begin PBXSourcesBuildPhase section */
		72686778205E4B45000CD3FB /* Sources */ = {
			isa = PBXSourcesBuildPhase;
			buildActionMask = 2147483647;
			files = (
				727F1F6723F7E47900DBF125 /* QuestionViewDelegate.swift in Sources */,
				727F1F6423F7E47900DBF125 /* AppDelegate.swift in Sources */,
				727F1F8723F7E4FE00DBF125 /* SeparatorView.swift in Sources */,
				727F1F7023F7E4D300DBF125 /* FlagData.swift in Sources */,
				727F1FA223F7E56500DBF125 /* Color.swift in Sources */,
				727F1F7B23F7E4F100DBF125 /* CountryDetailView.swift in Sources */,
				727F1F9223F7E52900DBF125 /* GameOverPopupViewController.swift in Sources */,
				727F1F8623F7E4FE00DBF125 /* AnswerButton.swift in Sources */,
				7258696E22AFECB200552DBA /* UpdatePopup.swift in Sources */,
				727F1F8923F7E4FE00DBF125 /* CorrectOrIncorrectView.swift in Sources */,
				727F1F9123F7E52900DBF125 /* CountryInfoViewController.swift in Sources */,
				727F1F9A23F7E53D00DBF125 /* FlagQuizViewController.swift in Sources */,
				727F1F9023F7E52900DBF125 /* CountryDetailViewController.swift in Sources */,
				727F1F9323F7E52900DBF125 /* QuizTabBarController.swift in Sources */,
				727F1F6323F7E47900DBF125 /* GameOverPopupViewDelegate.swift in Sources */,
				727F1F7123F7E4D300DBF125 /* Singleton.swift in Sources */,
				727F1F9923F7E53D00DBF125 /* QuizViewController.swift in Sources */,
				727F1F7A23F7E4F100DBF125 /* CountryInfoView.swift in Sources */,
				727F1F8823F7E4FE00DBF125 /* QuizStatusView.swift in Sources */,
				727F1F6523F7E47900DBF125 /* CountryInfoViewDelegate.swift in Sources */,
				727F1F8023F7E4F800DBF125 /* FlagInfoTableViewCell.swift in Sources */,
				727F1F7D23F7E4F100DBF125 /* NameQuizView.swift in Sources */,
				727F1F7E23F7E4F100DBF125 /* FlagQuizView.swift in Sources */,
				727F1F6223F7E47900DBF125 /* NameQuizViewDelegate.swift in Sources */,
				727F1FA123F7E56500DBF125 /* UI.swift in Sources */,
				727F1F8A23F7E4FE00DBF125 /* QuestionView.swift in Sources */,
				727F1F7C23F7E4F100DBF125 /* GameOverPopupView.swift in Sources */,
				727F1F9823F7E53D00DBF125 /* NameQuizViewController.swift in Sources */,
				72858E4C2366E1680070B769 /* UILabelExpand.swift in Sources */,
				727F1F9E23F7E55C00DBF125 /* Animation.swift in Sources */,
				727F1F6623F7E47900DBF125 /* FlagQuizViewDelegate.swift in Sources */,
			);
			runOnlyForDeploymentPostprocessing = 0;
		};
/* End PBXSourcesBuildPhase section */

/* Begin PBXVariantGroup section */
		72686788205E4B45000CD3FB /* LaunchScreen.storyboard */ = {
			isa = PBXVariantGroup;
			children = (
				72686789205E4B45000CD3FB /* Base */,
			);
			name = LaunchScreen.storyboard;
			sourceTree = "<group>";
		};
		72AF36A92153B90C00A40B55 /* Localizable.strings */ = {
			isa = PBXVariantGroup;
			children = (
				72AF36A82153B90C00A40B55 /* ko */,
				720738A22197256C008004FE /* ja */,
				722B7AF82198612200826012 /* zh-Hans */,
				729746A622BD065700ADE2B4 /* ar */,
				728974E422C2497B003704C8 /* zh-Hant */,
				728341A122E204C9003CF95B /* ru */,
			);
			name = Localizable.strings;
			sourceTree = "<group>";
		};
/* End PBXVariantGroup section */

/* Begin XCBuildConfiguration section */
		7268678C205E4B45000CD3FB /* Debug */ = {
			isa = XCBuildConfiguration;
			buildSettings = {
				ALWAYS_SEARCH_USER_PATHS = NO;
				CLANG_ANALYZER_LOCALIZABILITY_NONLOCALIZED = YES;
				CLANG_ANALYZER_NONNULL = YES;
				CLANG_ANALYZER_NUMBER_OBJECT_CONVERSION = YES_AGGRESSIVE;
				CLANG_CXX_LANGUAGE_STANDARD = "gnu++14";
				CLANG_CXX_LIBRARY = "libc++";
				CLANG_ENABLE_MODULES = YES;
				CLANG_ENABLE_OBJC_ARC = YES;
				CLANG_WARN_BLOCK_CAPTURE_AUTORELEASING = YES;
				CLANG_WARN_BOOL_CONVERSION = YES;
				CLANG_WARN_COMMA = YES;
				CLANG_WARN_CONSTANT_CONVERSION = YES;
				CLANG_WARN_DIRECT_OBJC_ISA_USAGE = YES_ERROR;
				CLANG_WARN_DOCUMENTATION_COMMENTS = YES;
				CLANG_WARN_EMPTY_BODY = YES;
				CLANG_WARN_ENUM_CONVERSION = YES;
				CLANG_WARN_INFINITE_RECURSION = YES;
				CLANG_WARN_INT_CONVERSION = YES;
				CLANG_WARN_NON_LITERAL_NULL_CONVERSION = YES;
				CLANG_WARN_OBJC_LITERAL_CONVERSION = YES;
				CLANG_WARN_OBJC_ROOT_CLASS = YES_ERROR;
				CLANG_WARN_RANGE_LOOP_ANALYSIS = YES;
				CLANG_WARN_STRICT_PROTOTYPES = YES;
				CLANG_WARN_SUSPICIOUS_MOVE = YES;
				CLANG_WARN_UNGUARDED_AVAILABILITY = YES_AGGRESSIVE;
				CLANG_WARN_UNREACHABLE_CODE = YES;
				CLANG_WARN__DUPLICATE_METHOD_MATCH = YES;
				CODE_SIGN_IDENTITY = "iPhone Developer";
				COPY_PHASE_STRIP = NO;
				DEBUG_INFORMATION_FORMAT = dwarf;
				ENABLE_STRICT_OBJC_MSGSEND = YES;
				ENABLE_TESTABILITY = YES;
				GCC_C_LANGUAGE_STANDARD = gnu11;
				GCC_DYNAMIC_NO_PIC = NO;
				GCC_NO_COMMON_BLOCKS = YES;
				GCC_OPTIMIZATION_LEVEL = 0;
				GCC_PREPROCESSOR_DEFINITIONS = (
					"DEBUG=1",
					"$(inherited)",
				);
				GCC_WARN_64_TO_32_BIT_CONVERSION = YES;
				GCC_WARN_ABOUT_RETURN_TYPE = YES_ERROR;
				GCC_WARN_UNDECLARED_SELECTOR = YES;
				GCC_WARN_UNINITIALIZED_AUTOS = YES_AGGRESSIVE;
				GCC_WARN_UNUSED_FUNCTION = YES;
				GCC_WARN_UNUSED_VARIABLE = YES;
				IPHONEOS_DEPLOYMENT_TARGET = 11.0;
				MTL_ENABLE_DEBUG_INFO = YES;
				ONLY_ACTIVE_ARCH = YES;
				SDKROOT = iphoneos;
				SWIFT_ACTIVE_COMPILATION_CONDITIONS = DEBUG;
				SWIFT_OPTIMIZATION_LEVEL = "-Onone";
			};
			name = Debug;
		};
		7268678D205E4B45000CD3FB /* Release */ = {
			isa = XCBuildConfiguration;
			buildSettings = {
				ALWAYS_SEARCH_USER_PATHS = NO;
				CLANG_ANALYZER_LOCALIZABILITY_NONLOCALIZED = YES;
				CLANG_ANALYZER_NONNULL = YES;
				CLANG_ANALYZER_NUMBER_OBJECT_CONVERSION = YES_AGGRESSIVE;
				CLANG_CXX_LANGUAGE_STANDARD = "gnu++14";
				CLANG_CXX_LIBRARY = "libc++";
				CLANG_ENABLE_MODULES = YES;
				CLANG_ENABLE_OBJC_ARC = YES;
				CLANG_WARN_BLOCK_CAPTURE_AUTORELEASING = YES;
				CLANG_WARN_BOOL_CONVERSION = YES;
				CLANG_WARN_COMMA = YES;
				CLANG_WARN_CONSTANT_CONVERSION = YES;
				CLANG_WARN_DIRECT_OBJC_ISA_USAGE = YES_ERROR;
				CLANG_WARN_DOCUMENTATION_COMMENTS = YES;
				CLANG_WARN_EMPTY_BODY = YES;
				CLANG_WARN_ENUM_CONVERSION = YES;
				CLANG_WARN_INFINITE_RECURSION = YES;
				CLANG_WARN_INT_CONVERSION = YES;
				CLANG_WARN_NON_LITERAL_NULL_CONVERSION = YES;
				CLANG_WARN_OBJC_LITERAL_CONVERSION = YES;
				CLANG_WARN_OBJC_ROOT_CLASS = YES_ERROR;
				CLANG_WARN_RANGE_LOOP_ANALYSIS = YES;
				CLANG_WARN_STRICT_PROTOTYPES = YES;
				CLANG_WARN_SUSPICIOUS_MOVE = YES;
				CLANG_WARN_UNGUARDED_AVAILABILITY = YES_AGGRESSIVE;
				CLANG_WARN_UNREACHABLE_CODE = YES;
				CLANG_WARN__DUPLICATE_METHOD_MATCH = YES;
				CODE_SIGN_IDENTITY = "iPhone Developer";
				COPY_PHASE_STRIP = NO;
				DEBUG_INFORMATION_FORMAT = "dwarf-with-dsym";
				ENABLE_NS_ASSERTIONS = NO;
				ENABLE_STRICT_OBJC_MSGSEND = YES;
				GCC_C_LANGUAGE_STANDARD = gnu11;
				GCC_NO_COMMON_BLOCKS = YES;
				GCC_WARN_64_TO_32_BIT_CONVERSION = YES;
				GCC_WARN_ABOUT_RETURN_TYPE = YES_ERROR;
				GCC_WARN_UNDECLARED_SELECTOR = YES;
				GCC_WARN_UNINITIALIZED_AUTOS = YES_AGGRESSIVE;
				GCC_WARN_UNUSED_FUNCTION = YES;
				GCC_WARN_UNUSED_VARIABLE = YES;
				IPHONEOS_DEPLOYMENT_TARGET = 11.0;
				MTL_ENABLE_DEBUG_INFO = NO;
				SDKROOT = iphoneos;
				SWIFT_OPTIMIZATION_LEVEL = "-Owholemodule";
				VALIDATE_PRODUCT = YES;
			};
			name = Release;
		};
		7268678F205E4B45000CD3FB /* Debug */ = {
			isa = XCBuildConfiguration;
			baseConfigurationReference = 41B78FC6E82EA0E00A0913D8 /* Pods-FlagQuiz.debug.xcconfig */;
			buildSettings = {
				ASSETCATALOG_COMPILER_APPICON_NAME = AppIcon;
				CODE_SIGN_STYLE = Automatic;
				CURRENT_PROJECT_VERSION = 1.4.3;
				DEVELOPMENT_TEAM = H2F5DM786H;
				INFOPLIST_FILE = FlagQuiz/Info.plist;
				IPHONEOS_DEPLOYMENT_TARGET = 11.0;
				LD_RUNPATH_SEARCH_PATHS = "$(inherited) @executable_path/Frameworks";
				MARKETING_VERSION = 1.4;
				PRODUCT_BUNDLE_IDENTIFIER = com.soohan.QuizFlag;
				PRODUCT_NAME = "$(TARGET_NAME)";
				SWIFT_VERSION = 4.2;
				TARGETED_DEVICE_FAMILY = "1,2";
			};
			name = Debug;
		};
		72686790205E4B45000CD3FB /* Release */ = {
			isa = XCBuildConfiguration;
			baseConfigurationReference = 622D8E8EB3158074DA7CCCB6 /* Pods-FlagQuiz.release.xcconfig */;
			buildSettings = {
				ASSETCATALOG_COMPILER_APPICON_NAME = AppIcon;
				CODE_SIGN_STYLE = Automatic;
				CURRENT_PROJECT_VERSION = 1.4.3;
				DEVELOPMENT_TEAM = H2F5DM786H;
				INFOPLIST_FILE = FlagQuiz/Info.plist;
				IPHONEOS_DEPLOYMENT_TARGET = 11.0;
				LD_RUNPATH_SEARCH_PATHS = "$(inherited) @executable_path/Frameworks";
				MARKETING_VERSION = 1.4;
				PRODUCT_BUNDLE_IDENTIFIER = com.soohan.QuizFlag;
				PRODUCT_NAME = "$(TARGET_NAME)";
				SWIFT_VERSION = 4.2;
				TARGETED_DEVICE_FAMILY = "1,2";
			};
			name = Release;
		};
/* End XCBuildConfiguration section */

/* Begin XCConfigurationList section */
		72686777205E4B45000CD3FB /* Build configuration list for PBXProject "FlagQuiz" */ = {
			isa = XCConfigurationList;
			buildConfigurations = (
				7268678C205E4B45000CD3FB /* Debug */,
				7268678D205E4B45000CD3FB /* Release */,
			);
			defaultConfigurationIsVisible = 0;
			defaultConfigurationName = Release;
		};
		7268678E205E4B45000CD3FB /* Build configuration list for PBXNativeTarget "FlagQuiz" */ = {
			isa = XCConfigurationList;
			buildConfigurations = (
				7268678F205E4B45000CD3FB /* Debug */,
				72686790205E4B45000CD3FB /* Release */,
			);
			defaultConfigurationIsVisible = 0;
			defaultConfigurationName = Release;
		};
/* End XCConfigurationList section */
	};
	rootObject = 72686774205E4B45000CD3FB /* Project object */;
}
