// !$*UTF8*$!
{
	archiveVersion = 1;
	classes = {
	};
	objectVersion = 48;
	objects = {

/* Begin PBXBuildFile section */
		724DA447212D9746000A96B2 /* AnimUtils.swift in Sources */ = {isa = PBXBuildFile; fileRef = 724DA446212D9746000A96B2 /* AnimUtils.swift */; };
		725E7640218B440F00DFBB5C /* SettingsViewController.swift in Sources */ = {isa = PBXBuildFile; fileRef = 725E763F218B440F00DFBB5C /* SettingsViewController.swift */; };
		72686780205E4B45000CD3FB /* AppDelegate.swift in Sources */ = {isa = PBXBuildFile; fileRef = 7268677F205E4B45000CD3FB /* AppDelegate.swift */; };
		72686782205E4B45000CD3FB /* QuizViewController.swift in Sources */ = {isa = PBXBuildFile; fileRef = 72686781205E4B45000CD3FB /* QuizViewController.swift */; };
		72686785205E4B45000CD3FB /* Main.storyboard in Resources */ = {isa = PBXBuildFile; fileRef = 72686783205E4B45000CD3FB /* Main.storyboard */; };
		72686787205E4B45000CD3FB /* Assets.xcassets in Resources */ = {isa = PBXBuildFile; fileRef = 72686786205E4B45000CD3FB /* Assets.xcassets */; };
		7268678A205E4B45000CD3FB /* LaunchScreen.storyboard in Resources */ = {isa = PBXBuildFile; fileRef = 72686788205E4B45000CD3FB /* LaunchScreen.storyboard */; };
		72686792205E5820000CD3FB /* CountryList.swift in Sources */ = {isa = PBXBuildFile; fileRef = 72686791205E5820000CD3FB /* CountryList.swift */; };
		72AF36A72153B90C00A40B55 /* Localizable.strings in Resources */ = {isa = PBXBuildFile; fileRef = 72AF36A92153B90C00A40B55 /* Localizable.strings */; };
		72C2572C213D71F9008C95CA /* PopUpViewController.swift in Sources */ = {isa = PBXBuildFile; fileRef = 72C2572B213D71F9008C95CA /* PopUpViewController.swift */; };
		72D35BD420D4EB7200E7F1B6 /* CountryInfoViewController.swift in Sources */ = {isa = PBXBuildFile; fileRef = 72D35BD320D4EB7200E7F1B6 /* CountryInfoViewController.swift */; };
		72D35BD620D4EBCD00E7F1B6 /* CountryInfoTableViewCell.swift in Sources */ = {isa = PBXBuildFile; fileRef = 72D35BD520D4EBCD00E7F1B6 /* CountryInfoTableViewCell.swift */; };
		72FDB0FE2180106B00610D39 /* CountryList.csv in Resources */ = {isa = PBXBuildFile; fileRef = 72FDB0FD2180106A00610D39 /* CountryList.csv */; };
/* End PBXBuildFile section */

/* Begin PBXFileReference section */
		720738A22197256C008004FE /* ja */ = {isa = PBXFileReference; lastKnownFileType = text.plist.strings; name = ja; path = ja.lproj/Localizable.strings; sourceTree = "<group>"; };
		722B7AF82198612200826012 /* zh-Hans */ = {isa = PBXFileReference; lastKnownFileType = text.plist.strings; name = "zh-Hans"; path = "zh-Hans.lproj/Localizable.strings"; sourceTree = "<group>"; };
		724DA446212D9746000A96B2 /* AnimUtils.swift */ = {isa = PBXFileReference; lastKnownFileType = sourcecode.swift; path = AnimUtils.swift; sourceTree = "<group>"; };
		725E763F218B440F00DFBB5C /* SettingsViewController.swift */ = {isa = PBXFileReference; lastKnownFileType = sourcecode.swift; path = SettingsViewController.swift; sourceTree = "<group>"; };
		7268677C205E4B45000CD3FB /* FlagQuiz.app */ = {isa = PBXFileReference; explicitFileType = wrapper.application; includeInIndex = 0; path = FlagQuiz.app; sourceTree = BUILT_PRODUCTS_DIR; };
		7268677F205E4B45000CD3FB /* AppDelegate.swift */ = {isa = PBXFileReference; lastKnownFileType = sourcecode.swift; path = AppDelegate.swift; sourceTree = "<group>"; };
		72686781205E4B45000CD3FB /* QuizViewController.swift */ = {isa = PBXFileReference; lastKnownFileType = sourcecode.swift; path = QuizViewController.swift; sourceTree = "<group>"; };
		72686784205E4B45000CD3FB /* Base */ = {isa = PBXFileReference; lastKnownFileType = file.storyboard; name = Base; path = Base.lproj/Main.storyboard; sourceTree = "<group>"; };
		72686786205E4B45000CD3FB /* Assets.xcassets */ = {isa = PBXFileReference; lastKnownFileType = folder.assetcatalog; path = Assets.xcassets; sourceTree = "<group>"; };
		72686789205E4B45000CD3FB /* Base */ = {isa = PBXFileReference; lastKnownFileType = file.storyboard; name = Base; path = Base.lproj/LaunchScreen.storyboard; sourceTree = "<group>"; };
		7268678B205E4B45000CD3FB /* Info.plist */ = {isa = PBXFileReference; lastKnownFileType = text.plist.xml; path = Info.plist; sourceTree = "<group>"; };
		72686791205E5820000CD3FB /* CountryList.swift */ = {isa = PBXFileReference; lastKnownFileType = sourcecode.swift; path = CountryList.swift; sourceTree = "<group>"; };
		72AF36A82153B90C00A40B55 /* ko */ = {isa = PBXFileReference; lastKnownFileType = text.plist.strings; name = ko; path = ko.lproj/Localizable.strings; sourceTree = "<group>"; };
		72C2572B213D71F9008C95CA /* PopUpViewController.swift */ = {isa = PBXFileReference; lastKnownFileType = sourcecode.swift; path = PopUpViewController.swift; sourceTree = "<group>"; };
		72D35BD320D4EB7200E7F1B6 /* CountryInfoViewController.swift */ = {isa = PBXFileReference; lastKnownFileType = sourcecode.swift; path = CountryInfoViewController.swift; sourceTree = "<group>"; };
		72D35BD520D4EBCD00E7F1B6 /* CountryInfoTableViewCell.swift */ = {isa = PBXFileReference; lastKnownFileType = sourcecode.swift; path = CountryInfoTableViewCell.swift; sourceTree = "<group>"; };
		72FDB0FD2180106A00610D39 /* CountryList.csv */ = {isa = PBXFileReference; fileEncoding = 4; lastKnownFileType = text; path = CountryList.csv; sourceTree = "<group>"; };
/* End PBXFileReference section */

/* Begin PBXFrameworksBuildPhase section */
		72686779205E4B45000CD3FB /* Frameworks */ = {
			isa = PBXFrameworksBuildPhase;
			buildActionMask = 2147483647;
			files = (
			);
			runOnlyForDeploymentPostprocessing = 0;
		};
/* End PBXFrameworksBuildPhase section */

/* Begin PBXGroup section */
		72686773205E4B45000CD3FB = {
			isa = PBXGroup;
			children = (
				7268677E205E4B45000CD3FB /* FlagQuiz */,
				7268677D205E4B45000CD3FB /* Products */,
			);
			sourceTree = "<group>";
		};
		7268677D205E4B45000CD3FB /* Products */ = {
			isa = PBXGroup;
			children = (
				7268677C205E4B45000CD3FB /* FlagQuiz.app */,
			);
			name = Products;
			sourceTree = "<group>";
		};
		7268677E205E4B45000CD3FB /* FlagQuiz */ = {
			isa = PBXGroup;
			children = (
				7268677F205E4B45000CD3FB /* AppDelegate.swift */,
				72686781205E4B45000CD3FB /* QuizViewController.swift */,
				725E763F218B440F00DFBB5C /* SettingsViewController.swift */,
				72D35BD320D4EB7200E7F1B6 /* CountryInfoViewController.swift */,
				72D35BD520D4EBCD00E7F1B6 /* CountryInfoTableViewCell.swift */,
				72C2572B213D71F9008C95CA /* PopUpViewController.swift */,
				72686783205E4B45000CD3FB /* Main.storyboard */,
				72686786205E4B45000CD3FB /* Assets.xcassets */,
				72686788205E4B45000CD3FB /* LaunchScreen.storyboard */,
				7268678B205E4B45000CD3FB /* Info.plist */,
				72FDB0FD2180106A00610D39 /* CountryList.csv */,
				72686791205E5820000CD3FB /* CountryList.swift */,
				724DA446212D9746000A96B2 /* AnimUtils.swift */,
				72AF36A92153B90C00A40B55 /* Localizable.strings */,
			);
			path = FlagQuiz;
			sourceTree = "<group>";
		};
/* End PBXGroup section */

/* Begin PBXNativeTarget section */
		7268677B205E4B45000CD3FB /* FlagQuiz */ = {
			isa = PBXNativeTarget;
			buildConfigurationList = 7268678E205E4B45000CD3FB /* Build configuration list for PBXNativeTarget "FlagQuiz" */;
			buildPhases = (
				72686778205E4B45000CD3FB /* Sources */,
				72686779205E4B45000CD3FB /* Frameworks */,
				7268677A205E4B45000CD3FB /* Resources */,
			);
			buildRules = (
			);
			dependencies = (
			);
			name = FlagQuiz;
			productName = FlagQuiz;
			productReference = 7268677C205E4B45000CD3FB /* FlagQuiz.app */;
			productType = "com.apple.product-type.application";
		};
/* End PBXNativeTarget section */

/* Begin PBXProject section */
		72686774205E4B45000CD3FB /* Project object */ = {
			isa = PBXProject;
			attributes = {
				LastSwiftUpdateCheck = 0920;
				LastUpgradeCheck = 0920;
				ORGANIZATIONNAME = "이수한";
				TargetAttributes = {
					7268677B205E4B45000CD3FB = {
						CreatedOnToolsVersion = 9.2;
						LastSwiftMigration = 1000;
						ProvisioningStyle = Automatic;
					};
				};
			};
			buildConfigurationList = 72686777205E4B45000CD3FB /* Build configuration list for PBXProject "FlagQuiz" */;
			compatibilityVersion = "Xcode 8.0";
			developmentRegion = en;
			hasScannedForEncodings = 0;
			knownRegions = (
				en,
				Base,
				ja,
				"zh-Hans",
			);
			mainGroup = 72686773205E4B45000CD3FB;
			productRefGroup = 7268677D205E4B45000CD3FB /* Products */;
			projectDirPath = "";
			projectRoot = "";
			targets = (
				7268677B205E4B45000CD3FB /* FlagQuiz */,
			);
		};
/* End PBXProject section */

/* Begin PBXResourcesBuildPhase section */
		7268677A205E4B45000CD3FB /* Resources */ = {
			isa = PBXResourcesBuildPhase;
			buildActionMask = 2147483647;
			files = (
				72FDB0FE2180106B00610D39 /* CountryList.csv in Resources */,
				7268678A205E4B45000CD3FB /* LaunchScreen.storyboard in Resources */,
				72AF36A72153B90C00A40B55 /* Localizable.strings in Resources */,
				72686787205E4B45000CD3FB /* Assets.xcassets in Resources */,
				72686785205E4B45000CD3FB /* Main.storyboard in Resources */,
			);
			runOnlyForDeploymentPostprocessing = 0;
		};
/* End PBXResourcesBuildPhase section */

/* Begin PBXSourcesBuildPhase section */
		72686778205E4B45000CD3FB /* Sources */ = {
			isa = PBXSourcesBuildPhase;
			buildActionMask = 2147483647;
			files = (
				724DA447212D9746000A96B2 /* AnimUtils.swift in Sources */,
				72686782205E4B45000CD3FB /* QuizViewController.swift in Sources */,
				72C2572C213D71F9008C95CA /* PopUpViewController.swift in Sources */,
				72D35BD620D4EBCD00E7F1B6 /* CountryInfoTableViewCell.swift in Sources */,
				72D35BD420D4EB7200E7F1B6 /* CountryInfoViewController.swift in Sources */,
				72686792205E5820000CD3FB /* CountryList.swift in Sources */,
				72686780205E4B45000CD3FB /* AppDelegate.swift in Sources */,
				725E7640218B440F00DFBB5C /* SettingsViewController.swift in Sources */,
			);
			runOnlyForDeploymentPostprocessing = 0;
		};
/* End PBXSourcesBuildPhase section */

/* Begin PBXVariantGroup section */
		72686783205E4B45000CD3FB /* Main.storyboard */ = {
			isa = PBXVariantGroup;
			children = (
				72686784205E4B45000CD3FB /* Base */,
			);
			name = Main.storyboard;
			sourceTree = "<group>";
		};
		72686788205E4B45000CD3FB /* LaunchScreen.storyboard */ = {
			isa = PBXVariantGroup;
			children = (
				72686789205E4B45000CD3FB /* Base */,
			);
			name = LaunchScreen.storyboard;
			sourceTree = "<group>";
		};
		72AF36A92153B90C00A40B55 /* Localizable.strings */ = {
			isa = PBXVariantGroup;
			children = (
				72AF36A82153B90C00A40B55 /* ko */,
				720738A22197256C008004FE /* ja */,
				722B7AF82198612200826012 /* zh-Hans */,
			);
			name = Localizable.strings;
			sourceTree = "<group>";
		};
/* End PBXVariantGroup section */

/* Begin XCBuildConfiguration section */
		7268678C205E4B45000CD3FB /* Debug */ = {
			isa = XCBuildConfiguration;
			buildSettings = {
				ALWAYS_SEARCH_USER_PATHS = NO;
				CLANG_ANALYZER_LOCALIZABILITY_NONLOCALIZED = YES;
				CLANG_ANALYZER_NONNULL = YES;
				CLANG_ANALYZER_NUMBER_OBJECT_CONVERSION = YES_AGGRESSIVE;
				CLANG_CXX_LANGUAGE_STANDARD = "gnu++14";
				CLANG_CXX_LIBRARY = "libc++";
				CLANG_ENABLE_MODULES = YES;
				CLANG_ENABLE_OBJC_ARC = YES;
				CLANG_WARN_BLOCK_CAPTURE_AUTORELEASING = YES;
				CLANG_WARN_BOOL_CONVERSION = YES;
				CLANG_WARN_COMMA = YES;
				CLANG_WARN_CONSTANT_CONVERSION = YES;
				CLANG_WARN_DIRECT_OBJC_ISA_USAGE = YES_ERROR;
				CLANG_WARN_DOCUMENTATION_COMMENTS = YES;
				CLANG_WARN_EMPTY_BODY = YES;
				CLANG_WARN_ENUM_CONVERSION = YES;
				CLANG_WARN_INFINITE_RECURSION = YES;
				CLANG_WARN_INT_CONVERSION = YES;
				CLANG_WARN_NON_LITERAL_NULL_CONVERSION = YES;
				CLANG_WARN_OBJC_LITERAL_CONVERSION = YES;
				CLANG_WARN_OBJC_ROOT_CLASS = YES_ERROR;
				CLANG_WARN_RANGE_LOOP_ANALYSIS = YES;
				CLANG_WARN_STRICT_PROTOTYPES = YES;
				CLANG_WARN_SUSPICIOUS_MOVE = YES;
				CLANG_WARN_UNGUARDED_AVAILABILITY = YES_AGGRESSIVE;
				CLANG_WARN_UNREACHABLE_CODE = YES;
				CLANG_WARN__DUPLICATE_METHOD_MATCH = YES;
				CODE_SIGN_IDENTITY = "iPhone Developer";
				COPY_PHASE_STRIP = NO;
				DEBUG_INFORMATION_FORMAT = dwarf;
				ENABLE_STRICT_OBJC_MSGSEND = YES;
				ENABLE_TESTABILITY = YES;
				GCC_C_LANGUAGE_STANDARD = gnu11;
				GCC_DYNAMIC_NO_PIC = NO;
				GCC_NO_COMMON_BLOCKS = YES;
				GCC_OPTIMIZATION_LEVEL = 0;
				GCC_PREPROCESSOR_DEFINITIONS = (
					"DEBUG=1",
					"$(inherited)",
				);
				GCC_WARN_64_TO_32_BIT_CONVERSION = YES;
				GCC_WARN_ABOUT_RETURN_TYPE = YES_ERROR;
				GCC_WARN_UNDECLARED_SELECTOR = YES;
				GCC_WARN_UNINITIALIZED_AUTOS = YES_AGGRESSIVE;
				GCC_WARN_UNUSED_FUNCTION = YES;
				GCC_WARN_UNUSED_VARIABLE = YES;
				IPHONEOS_DEPLOYMENT_TARGET = 11.0;
				MTL_ENABLE_DEBUG_INFO = YES;
				ONLY_ACTIVE_ARCH = YES;
				SDKROOT = iphoneos;
				SWIFT_ACTIVE_COMPILATION_CONDITIONS = DEBUG;
				SWIFT_OPTIMIZATION_LEVEL = "-Onone";
			};
			name = Debug;
		};
		7268678D205E4B45000CD3FB /* Release */ = {
			isa = XCBuildConfiguration;
			buildSettings = {
				ALWAYS_SEARCH_USER_PATHS = NO;
				CLANG_ANALYZER_LOCALIZABILITY_NONLOCALIZED = YES;
				CLANG_ANALYZER_NONNULL = YES;
				CLANG_ANALYZER_NUMBER_OBJECT_CONVERSION = YES_AGGRESSIVE;
				CLANG_CXX_LANGUAGE_STANDARD = "gnu++14";
				CLANG_CXX_LIBRARY = "libc++";
				CLANG_ENABLE_MODULES = YES;
				CLANG_ENABLE_OBJC_ARC = YES;
				CLANG_WARN_BLOCK_CAPTURE_AUTORELEASING = YES;
				CLANG_WARN_BOOL_CONVERSION = YES;
				CLANG_WARN_COMMA = YES;
				CLANG_WARN_CONSTANT_CONVERSION = YES;
				CLANG_WARN_DIRECT_OBJC_ISA_USAGE = YES_ERROR;
				CLANG_WARN_DOCUMENTATION_COMMENTS = YES;
				CLANG_WARN_EMPTY_BODY = YES;
				CLANG_WARN_ENUM_CONVERSION = YES;
				CLANG_WARN_INFINITE_RECURSION = YES;
				CLANG_WARN_INT_CONVERSION = YES;
				CLANG_WARN_NON_LITERAL_NULL_CONVERSION = YES;
				CLANG_WARN_OBJC_LITERAL_CONVERSION = YES;
				CLANG_WARN_OBJC_ROOT_CLASS = YES_ERROR;
				CLANG_WARN_RANGE_LOOP_ANALYSIS = YES;
				CLANG_WARN_STRICT_PROTOTYPES = YES;
				CLANG_WARN_SUSPICIOUS_MOVE = YES;
				CLANG_WARN_UNGUARDED_AVAILABILITY = YES_AGGRESSIVE;
				CLANG_WARN_UNREACHABLE_CODE = YES;
				CLANG_WARN__DUPLICATE_METHOD_MATCH = YES;
				CODE_SIGN_IDENTITY = "iPhone Developer";
				COPY_PHASE_STRIP = NO;
				DEBUG_INFORMATION_FORMAT = "dwarf-with-dsym";
				ENABLE_NS_ASSERTIONS = NO;
				ENABLE_STRICT_OBJC_MSGSEND = YES;
				GCC_C_LANGUAGE_STANDARD = gnu11;
				GCC_NO_COMMON_BLOCKS = YES;
				GCC_WARN_64_TO_32_BIT_CONVERSION = YES;
				GCC_WARN_ABOUT_RETURN_TYPE = YES_ERROR;
				GCC_WARN_UNDECLARED_SELECTOR = YES;
				GCC_WARN_UNINITIALIZED_AUTOS = YES_AGGRESSIVE;
				GCC_WARN_UNUSED_FUNCTION = YES;
				GCC_WARN_UNUSED_VARIABLE = YES;
				IPHONEOS_DEPLOYMENT_TARGET = 11.0;
				MTL_ENABLE_DEBUG_INFO = NO;
				SDKROOT = iphoneos;
				SWIFT_OPTIMIZATION_LEVEL = "-Owholemodule";
				VALIDATE_PRODUCT = YES;
			};
			name = Release;
		};
		7268678F205E4B45000CD3FB /* Debug */ = {
			isa = XCBuildConfiguration;
			buildSettings = {
				ASSETCATALOG_COMPILER_APPICON_NAME = AppIcon;
				CODE_SIGN_STYLE = Automatic;
				DEVELOPMENT_TEAM = H2F5DM786H;
				INFOPLIST_FILE = FlagQuiz/Info.plist;
				IPHONEOS_DEPLOYMENT_TARGET = 11.0;
				LD_RUNPATH_SEARCH_PATHS = "$(inherited) @executable_path/Frameworks";
				PRODUCT_BUNDLE_IDENTIFIER = com.soohan.QuizFlag;
				PRODUCT_NAME = "$(TARGET_NAME)";
				SWIFT_VERSION = 4.2;
				TARGETED_DEVICE_FAMILY = 1;
			};
			name = Debug;
		};
		72686790205E4B45000CD3FB /* Release */ = {
			isa = XCBuildConfiguration;
			buildSettings = {
				ASSETCATALOG_COMPILER_APPICON_NAME = AppIcon;
				CODE_SIGN_STYLE = Automatic;
				DEVELOPMENT_TEAM = H2F5DM786H;
				INFOPLIST_FILE = FlagQuiz/Info.plist;
				IPHONEOS_DEPLOYMENT_TARGET = 11.0;
				LD_RUNPATH_SEARCH_PATHS = "$(inherited) @executable_path/Frameworks";
				PRODUCT_BUNDLE_IDENTIFIER = com.soohan.QuizFlag;
				PRODUCT_NAME = "$(TARGET_NAME)";
				SWIFT_VERSION = 4.2;
				TARGETED_DEVICE_FAMILY = 1;
			};
			name = Release;
		};
/* End XCBuildConfiguration section */

/* Begin XCConfigurationList section */
		72686777205E4B45000CD3FB /* Build configuration list for PBXProject "FlagQuiz" */ = {
			isa = XCConfigurationList;
			buildConfigurations = (
				7268678C205E4B45000CD3FB /* Debug */,
				7268678D205E4B45000CD3FB /* Release */,
			);
			defaultConfigurationIsVisible = 0;
			defaultConfigurationName = Release;
		};
		7268678E205E4B45000CD3FB /* Build configuration list for PBXNativeTarget "FlagQuiz" */ = {
			isa = XCConfigurationList;
			buildConfigurations = (
				7268678F205E4B45000CD3FB /* Debug */,
				72686790205E4B45000CD3FB /* Release */,
			);
			defaultConfigurationIsVisible = 0;
			defaultConfigurationName = Release;
		};
/* End XCConfigurationList section */
	};
	rootObject = 72686774205E4B45000CD3FB /* Project object */;
}
